
Microsoft Visual Studio Solution File, Format Version 12.00
# Visual Studio Version 17
VisualStudioVersion = 17.9.34728.123
MinimumVisualStudioVersion = 10.0.40219.1
Project("{FAE04EC0-301F-11D3-BF4B-00C04F79EFBC}") = "ConsoleApp1", "ConsoleApp1.csproj", "{DE045DA2-DB4F-4DF5-B2C9-9E20D99CE1CE}"
EndProject
Global
	GlobalSection(SolutionConfigurationPlatforms) = preSolution
		Debug|Any CPU = Debug|Any CPU
		Release|Any CPU = Release|Any CPU
	EndGlobalSection
	GlobalSection(ProjectConfigurationPlatforms) = postSolution
		{DE045DA2-DB4F-4DF5-B2C9-9E20D99CE1CE}.Debug|Any CPU.ActiveCfg = Debug|Any CPU
		{DE045DA2-DB4F-4DF5-B2C9-9E20D99CE1CE}.Debug|Any CPU.Build.0 = Debug|Any CPU
		{DE045DA2-DB4F-4DF5-B2C9-9E20D99CE1CE}.Release|Any CPU.ActiveCfg = Release|Any CPU
		{DE045DA2-DB4F-4DF5-B2C9-9E20D99CE1CE}.Release|Any CPU.Build.0 = Release|Any CPU
	EndGlobalSection
	GlobalSection(SolutionProperties) = preSolution
		HideSolutionNode = FALSE
	EndGlobalSection
	GlobalSection(ExtensibilityGlobals) = postSolution
		SolutionGuid = {A4A472E2-0B55-488E-AA61-306A25BEF2EC}
	EndGlobalSection
EndGlobal
